
Microsoft Visual Studio Solution File, Format Version 12.00
# Visual Studio 15
VisualStudioVersion = 15.0.27428.2043
MinimumVisualStudioVersion = 10.0.40219.1
Project("{FAE04EC0-301F-11D3-BF4B-00C04F79EFBC}") = "AddressesXmlGenerator", "AddressesXmlGenerator\AddressesXmlGenerator.csproj", "{16BE5CB0-7AD4-4370-8971-8DE685B7DEED}"
EndProject
Global
	GlobalSection(SolutionConfigurationPlatforms) = preSolution
		Debug|Any CPU = Debug|Any CPU
		Release|Any CPU = Release|Any CPU
	EndGlobalSection
	GlobalSection(ProjectConfigurationPlatforms) = postSolution
		{16BE5CB0-7AD4-4370-8971-8DE685B7DEED}.Debug|Any CPU.ActiveCfg = Debug|Any CPU
		{16BE5CB0-7AD4-4370-8971-8DE685B7DEED}.Debug|Any CPU.Build.0 = Debug|Any CPU
		{16BE5CB0-7AD4-4370-8971-8DE685B7DEED}.Release|Any CPU.ActiveCfg = Release|Any CPU
		{16BE5CB0-7AD4-4370-8971-8DE685B7DEED}.Release|Any CPU.Build.0 = Release|Any CPU
	EndGlobalSection
	GlobalSection(SolutionProperties) = preSolution
		HideSolutionNode = FALSE
	EndGlobalSection
	GlobalSection(ExtensibilityGlobals) = postSolution
		SolutionGuid = {42037696-ABFA-4AF8-A5F8-B9263E15FB95}
	EndGlobalSection
EndGlobal
